
Microsoft Visual Studio Solution File, Format Version 12.00
# Visual Studio Version 16
VisualStudioVersion = 16.0.32126.315
MinimumVisualStudioVersion = 10.0.40219.1
Project("{FAE04EC0-301F-11D3-BF4B-00C04F79EFBC}") = "LoanCalc", "LoanCalc\LoanCalc.csproj", "{CD50EB43-D0CB-4F94-9D6C-6549B523ADDE}"
EndProject
Global
	GlobalSection(SolutionConfigurationPlatforms) = preSolution
		Debug|Any CPU = Debug|Any CPU
		Release|Any CPU = Release|Any CPU
	EndGlobalSection
	GlobalSection(ProjectConfigurationPlatforms) = postSolution
		{CD50EB43-D0CB-4F94-9D6C-6549B523ADDE}.Debug|Any CPU.ActiveCfg = Debug|Any CPU
		{CD50EB43-D0CB-4F94-9D6C-6549B523ADDE}.Debug|Any CPU.Build.0 = Debug|Any CPU
		{CD50EB43-D0CB-4F94-9D6C-6549B523ADDE}.Release|Any CPU.ActiveCfg = Release|Any CPU
		{CD50EB43-D0CB-4F94-9D6C-6549B523ADDE}.Release|Any CPU.Build.0 = Release|Any CPU
	EndGlobalSection
	GlobalSection(SolutionProperties) = preSolution
		HideSolutionNode = FALSE
	EndGlobalSection
	GlobalSection(ExtensibilityGlobals) = postSolution
		SolutionGuid = {E37C92AF-A7DD-44B3-A9EB-17A851B3AA65}
	EndGlobalSection
EndGlobal
